
Microsoft Visual Studio Solution File, Format Version 12.00
# Visual Studio Version 17
VisualStudioVersion = 17.8.34511.84
MinimumVisualStudioVersion = 10.0.40219.1
Project("{FAE04EC0-301F-11D3-BF4B-00C04F79EFBC}") = "Касса 1.1", "Касса 1.1\Касса 1.1.csproj", "{8B3DA52C-ABCA-4925-ACA8-291A09D47A3B}"
EndProject
Global
	GlobalSection(SolutionConfigurationPlatforms) = preSolution
		Debug|Any CPU = Debug|Any CPU
		Release|Any CPU = Release|Any CPU
	EndGlobalSection
	GlobalSection(ProjectConfigurationPlatforms) = postSolution
		{8B3DA52C-ABCA-4925-ACA8-291A09D47A3B}.Debug|Any CPU.ActiveCfg = Debug|Any CPU
		{8B3DA52C-ABCA-4925-ACA8-291A09D47A3B}.Debug|Any CPU.Build.0 = Debug|Any CPU
		{8B3DA52C-ABCA-4925-ACA8-291A09D47A3B}.Release|Any CPU.ActiveCfg = Release|Any CPU
		{8B3DA52C-ABCA-4925-ACA8-291A09D47A3B}.Release|Any CPU.Build.0 = Release|Any CPU
	EndGlobalSection
	GlobalSection(SolutionProperties) = preSolution
		HideSolutionNode = FALSE
	EndGlobalSection
	GlobalSection(ExtensibilityGlobals) = postSolution
		SolutionGuid = {50A9C8C0-9905-4EFF-B11C-659F44CDD101}
	EndGlobalSection
EndGlobal
